
Microsoft Visual Studio Solution File, Format Version 12.00
# Visual Studio 15
VisualStudioVersion = 15.0.28307.779
MinimumVisualStudioVersion = 10.0.40219.1
Project("{FAE04EC0-301F-11D3-BF4B-00C04F79EFBC}") = "DBHelper", "DBHelper\DBHelper.csproj", "{819ABC8E-7BD5-4DEF-93FF-08CCD9011851}"
EndProject
Project("{FAE04EC0-301F-11D3-BF4B-00C04F79EFBC}") = "DBLogic", "DBLogic\DBLogic.csproj", "{46EF755F-D745-4AA5-9888-2A0436419E1C}"
EndProject
Project("{FAE04EC0-301F-11D3-BF4B-00C04F79EFBC}") = "FDBIntercross", "FDBIntercross\FDBIntercross.csproj", "{07D811E0-52AA-4C48-A117-808EBF7AF8CC}"
EndProject
Global
	GlobalSection(SolutionConfigurationPlatforms) = preSolution
		Debug|Any CPU = Debug|Any CPU
		Release|Any CPU = Release|Any CPU
	EndGlobalSection
	GlobalSection(ProjectConfigurationPlatforms) = postSolution
		{819ABC8E-7BD5-4DEF-93FF-08CCD9011851}.Debug|Any CPU.ActiveCfg = Debug|Any CPU
		{819ABC8E-7BD5-4DEF-93FF-08CCD9011851}.Debug|Any CPU.Build.0 = Debug|Any CPU
		{819ABC8E-7BD5-4DEF-93FF-08CCD9011851}.Release|Any CPU.ActiveCfg = Release|Any CPU
		{819ABC8E-7BD5-4DEF-93FF-08CCD9011851}.Release|Any CPU.Build.0 = Release|Any CPU
		{46EF755F-D745-4AA5-9888-2A0436419E1C}.Debug|Any CPU.ActiveCfg = Debug|Any CPU
		{46EF755F-D745-4AA5-9888-2A0436419E1C}.Debug|Any CPU.Build.0 = Debug|Any CPU
		{46EF755F-D745-4AA5-9888-2A0436419E1C}.Release|Any CPU.ActiveCfg = Release|Any CPU
		{46EF755F-D745-4AA5-9888-2A0436419E1C}.Release|Any CPU.Build.0 = Release|Any CPU
		{07D811E0-52AA-4C48-A117-808EBF7AF8CC}.Debug|Any CPU.ActiveCfg = Debug|Any CPU
		{07D811E0-52AA-4C48-A117-808EBF7AF8CC}.Debug|Any CPU.Build.0 = Debug|Any CPU
		{07D811E0-52AA-4C48-A117-808EBF7AF8CC}.Release|Any CPU.ActiveCfg = Release|Any CPU
		{07D811E0-52AA-4C48-A117-808EBF7AF8CC}.Release|Any CPU.Build.0 = Release|Any CPU
	EndGlobalSection
	GlobalSection(SolutionProperties) = preSolution
		HideSolutionNode = FALSE
	EndGlobalSection
	GlobalSection(ExtensibilityGlobals) = postSolution
		SolutionGuid = {422E6583-730F-4D66-B48B-84646D9BB077}
	EndGlobalSection
EndGlobal
